
Microsoft Visual Studio Solution File, Format Version 12.00
# Visual Studio 15
VisualStudioVersion = 15.0.27703.2042
MinimumVisualStudioVersion = 10.0.40219.1
Project("{9A19103F-16F7-4668-BE54-9A1E7A4F7556}") = "Mearcury.Web", "Mearcury.Web\Mearcury.Web.csproj", "{D4C9AF22-4BBB-4350-8017-9FB108CA74A9}"
EndProject
Project("{FAE04EC0-301F-11D3-BF4B-00C04F79EFBC}") = "Mearcury.MonitoringJob", "Mearcury.MonitoringJob\Mearcury.MonitoringJob.csproj", "{471BAF78-2B77-4949-A8D7-264D6202C8F4}"
EndProject
Project("{9A19103F-16F7-4668-BE54-9A1E7A4F7556}") = "Mearcury.Core", "Mearcury.Core\Mearcury.Core.csproj", "{3F7DEE8C-9CCF-4357-8ECD-65342B642186}"
EndProject
Project("{9A19103F-16F7-4668-BE54-9A1E7A4F7556}") = "Mearcury.Azure", "Mearcury.Azure\Mearcury.Azure.csproj", "{4D95B754-8FC5-421B-A0DE-3AADA13A2D1E}"
EndProject
Project("{9A19103F-16F7-4668-BE54-9A1E7A4F7556}") = "Mearcury.Logic", "Mearcury.Logic\Mearcury.Logic.csproj", "{1633FC66-455F-423C-AADC-34C2C48D6D41}"
EndProject
Project("{9A19103F-16F7-4668-BE54-9A1E7A4F7556}") = "Mearcury.Admin", "Mearcury.Admin\Mearcury.Admin.csproj", "{9A292467-4B78-416E-9F52-E1DCD3DCD6FB}"
EndProject
Project("{9A19103F-16F7-4668-BE54-9A1E7A4F7556}") = "AzureBillingApi", "AzureBillingApi\AzureBillingApi.csproj", "{719EDC6D-79A0-49E3-B4E5-6BCFBF98DA5A}"
EndProject
Global
	GlobalSection(SolutionConfigurationPlatforms) = preSolution
		Debug|Any CPU = Debug|Any CPU
		Release|Any CPU = Release|Any CPU
	EndGlobalSection
	GlobalSection(ProjectConfigurationPlatforms) = postSolution
		{D4C9AF22-4BBB-4350-8017-9FB108CA74A9}.Debug|Any CPU.ActiveCfg = Debug|Any CPU
		{D4C9AF22-4BBB-4350-8017-9FB108CA74A9}.Debug|Any CPU.Build.0 = Debug|Any CPU
		{D4C9AF22-4BBB-4350-8017-9FB108CA74A9}.Release|Any CPU.ActiveCfg = Release|Any CPU
		{D4C9AF22-4BBB-4350-8017-9FB108CA74A9}.Release|Any CPU.Build.0 = Release|Any CPU
		{471BAF78-2B77-4949-A8D7-264D6202C8F4}.Debug|Any CPU.ActiveCfg = Debug|Any CPU
		{471BAF78-2B77-4949-A8D7-264D6202C8F4}.Debug|Any CPU.Build.0 = Debug|Any CPU
		{471BAF78-2B77-4949-A8D7-264D6202C8F4}.Release|Any CPU.ActiveCfg = Release|Any CPU
		{471BAF78-2B77-4949-A8D7-264D6202C8F4}.Release|Any CPU.Build.0 = Release|Any CPU
		{3F7DEE8C-9CCF-4357-8ECD-65342B642186}.Debug|Any CPU.ActiveCfg = Debug|Any CPU
		{3F7DEE8C-9CCF-4357-8ECD-65342B642186}.Debug|Any CPU.Build.0 = Debug|Any CPU
		{3F7DEE8C-9CCF-4357-8ECD-65342B642186}.Release|Any CPU.ActiveCfg = Release|Any CPU
		{3F7DEE8C-9CCF-4357-8ECD-65342B642186}.Release|Any CPU.Build.0 = Release|Any CPU
		{4D95B754-8FC5-421B-A0DE-3AADA13A2D1E}.Debug|Any CPU.ActiveCfg = Debug|Any CPU
		{4D95B754-8FC5-421B-A0DE-3AADA13A2D1E}.Debug|Any CPU.Build.0 = Debug|Any CPU
		{4D95B754-8FC5-421B-A0DE-3AADA13A2D1E}.Release|Any CPU.ActiveCfg = Release|Any CPU
		{4D95B754-8FC5-421B-A0DE-3AADA13A2D1E}.Release|Any CPU.Build.0 = Release|Any CPU
		{1633FC66-455F-423C-AADC-34C2C48D6D41}.Debug|Any CPU.ActiveCfg = Debug|Any CPU
		{1633FC66-455F-423C-AADC-34C2C48D6D41}.Debug|Any CPU.Build.0 = Debug|Any CPU
		{1633FC66-455F-423C-AADC-34C2C48D6D41}.Release|Any CPU.ActiveCfg = Release|Any CPU
		{1633FC66-455F-423C-AADC-34C2C48D6D41}.Release|Any CPU.Build.0 = Release|Any CPU
		{9A292467-4B78-416E-9F52-E1DCD3DCD6FB}.Debug|Any CPU.ActiveCfg = Debug|Any CPU
		{9A292467-4B78-416E-9F52-E1DCD3DCD6FB}.Debug|Any CPU.Build.0 = Debug|Any CPU
		{9A292467-4B78-416E-9F52-E1DCD3DCD6FB}.Release|Any CPU.ActiveCfg = Release|Any CPU
		{9A292467-4B78-416E-9F52-E1DCD3DCD6FB}.Release|Any CPU.Build.0 = Release|Any CPU
		{719EDC6D-79A0-49E3-B4E5-6BCFBF98DA5A}.Debug|Any CPU.ActiveCfg = Debug|Any CPU
		{719EDC6D-79A0-49E3-B4E5-6BCFBF98DA5A}.Debug|Any CPU.Build.0 = Debug|Any CPU
		{719EDC6D-79A0-49E3-B4E5-6BCFBF98DA5A}.Release|Any CPU.ActiveCfg = Release|Any CPU
		{719EDC6D-79A0-49E3-B4E5-6BCFBF98DA5A}.Release|Any CPU.Build.0 = Release|Any CPU
	EndGlobalSection
	GlobalSection(SolutionProperties) = preSolution
		HideSolutionNode = FALSE
	EndGlobalSection
	GlobalSection(ExtensibilityGlobals) = postSolution
		SolutionGuid = {4EBEE38F-0932-4878-A1C2-923A5E87F98E}
	EndGlobalSection
EndGlobal
